
Microsoft Visual Studio Solution File, Format Version 12.00
# Visual Studio 15
VisualStudioVersion = 15.0.27428.2015
MinimumVisualStudioVersion = 10.0.40219.1
Project("{FAE04EC0-301F-11D3-BF4B-00C04F79EFBC}") = "CRM", "CRM\CRM.csproj", "{ED1F1096-3208-499E-9DAA-8E39826D400A}"
EndProject
Global
	GlobalSection(SolutionConfigurationPlatforms) = preSolution
		Debug|Any CPU = Debug|Any CPU
		Release|Any CPU = Release|Any CPU
	EndGlobalSection
	GlobalSection(ProjectConfigurationPlatforms) = postSolution
		{ED1F1096-3208-499E-9DAA-8E39826D400A}.Debug|Any CPU.ActiveCfg = Debug|Any CPU
		{ED1F1096-3208-499E-9DAA-8E39826D400A}.Debug|Any CPU.Build.0 = Debug|Any CPU
		{ED1F1096-3208-499E-9DAA-8E39826D400A}.Release|Any CPU.ActiveCfg = Release|Any CPU
		{ED1F1096-3208-499E-9DAA-8E39826D400A}.Release|Any CPU.Build.0 = Release|Any CPU
	EndGlobalSection
	GlobalSection(SolutionProperties) = preSolution
		HideSolutionNode = FALSE
	EndGlobalSection
	GlobalSection(ExtensibilityGlobals) = postSolution
		SolutionGuid = {5C95FB75-68E4-4134-A4F0-1E32FC50A31F}
	EndGlobalSection
EndGlobal
